// !$*UTF8*$!
{
	archiveVersion = 1;
	classes = {
	};
	objectVersion = 56;
	objects = {

/* Begin PBXBuildFile section */
		8E1E249D2A586E52001744F6 /* ModularModel in Frameworks */ = {isa = PBXBuildFile; productRef = 8E1E249C2A586E52001744F6 /* ModularModel */; };
		8E6D89E82A6163DF0011AD2D /* SelectionView.swift in Sources */ = {isa = PBXBuildFile; fileRef = 8E6D89E72A6163DF0011AD2D /* SelectionView.swift */; };
		8E6D89EB2A61A3260011AD2D /* MainCoordinatorView.swift in Sources */ = {isa = PBXBuildFile; fileRef = 8E6D89EA2A61A3260011AD2D /* MainCoordinatorView.swift */; };
		8E6D89ED2A61D74E0011AD2D /* MainCoordinatorViewModel.swift in Sources */ = {isa = PBXBuildFile; fileRef = 8E6D89EC2A61D74E0011AD2D /* MainCoordinatorViewModel.swift */; };
		8E6D89EF2A61D82F0011AD2D /* MainCoordinator.swift in Sources */ = {isa = PBXBuildFile; fileRef = 8E6D89EE2A61D82F0011AD2D /* MainCoordinator.swift */; };
		8E6D89F12A61D8E40011AD2D /* SelectionViewModel.swift in Sources */ = {isa = PBXBuildFile; fileRef = 8E6D89F02A61D8E40011AD2D /* SelectionViewModel.swift */; };
		8E6D89F32A61E1720011AD2D /* NodeViewModel.swift in Sources */ = {isa = PBXBuildFile; fileRef = 8E6D89F22A61E1720011AD2D /* NodeViewModel.swift */; };
		8E708F6B2A5DF9BD00DF5572 /* GraphService in Frameworks */ = {isa = PBXBuildFile; productRef = 8E708F6A2A5DF9BD00DF5572 /* GraphService */; };
		8E708F6E2A5E9CC800DF5572 /* AppDependencies.swift in Sources */ = {isa = PBXBuildFile; fileRef = 8E708F6D2A5E9CC800DF5572 /* AppDependencies.swift */; };
		8E708F772A5E9D9400DF5572 /* Resolver+resolve.swift in Sources */ = {isa = PBXBuildFile; fileRef = 8E708F762A5E9D9400DF5572 /* Resolver+resolve.swift */; };
		8E708F7A2A5E9E2500DF5572 /* Swinject in Frameworks */ = {isa = PBXBuildFile; productRef = 8E708F792A5E9E2500DF5572 /* Swinject */; };
		8E708F7C2A5EB7AC00DF5572 /* fractal_graph.graphml in Resources */ = {isa = PBXBuildFile; fileRef = 8E708F7B2A5EB7AC00DF5572 /* fractal_graph.graphml */; };
		8E8B8C9C2A6009730090D7C9 /* random_graph.graphml in Resources */ = {isa = PBXBuildFile; fileRef = 8E8B8C9B2A6009730090D7C9 /* random_graph.graphml */; };
		8EA595B82A59FD1E00828B80 /* organic2.graphml in Resources */ = {isa = PBXBuildFile; fileRef = 8EA595B72A59FD1E00828B80 /* organic2.graphml */; };
		8EA595BB2A59FD7700828B80 /* NodeView.swift in Sources */ = {isa = PBXBuildFile; fileRef = 8EA595BA2A59FD7700828B80 /* NodeView.swift */; };
		8EA595BD2A59FDE300828B80 /* GraphMLParser in Frameworks */ = {isa = PBXBuildFile; productRef = 8EA595BC2A59FDE300828B80 /* GraphMLParser */; };
		8EA595D12A5D3B9400828B80 /* NodeRectangleView.swift in Sources */ = {isa = PBXBuildFile; fileRef = 8EA595D02A5D3B9400828B80 /* NodeRectangleView.swift */; };
		8EA595D42A5D4C3200828B80 /* circular1.graphml in Resources */ = {isa = PBXBuildFile; fileRef = 8EA595D32A5D4C3200828B80 /* circular1.graphml */; };
		8EA595D62A5D4C9E00828B80 /* hierarchical1.graphml in Resources */ = {isa = PBXBuildFile; fileRef = 8EA595D52A5D4C9E00828B80 /* hierarchical1.graphml */; };
		8EAEC65E2A5957F800501D38 /* Assets.xcassets in Resources */ = {isa = PBXBuildFile; fileRef = 8EAEC6582A5957F800501D38 /* Assets.xcassets */; };
		8EAEC65F2A5957F800501D38 /* Preview Assets.xcassets in Resources */ = {isa = PBXBuildFile; fileRef = 8EAEC65B2A5957F800501D38 /* Preview Assets.xcassets */; };
		8EAEC6602A5957F800501D38 /* AppTemplateApp.swift in Sources */ = {isa = PBXBuildFile; fileRef = 8EAEC65C2A5957F800501D38 /* AppTemplateApp.swift */; };
		8ECB0B802A6288350032BD95 /* SelectionViewModelTests.swift in Sources */ = {isa = PBXBuildFile; fileRef = 8ECB0B7F2A6288350032BD95 /* SelectionViewModelTests.swift */; };
		8ECB0B862A628A7D0032BD95 /* GraphFilesProvider.swift in Sources */ = {isa = PBXBuildFile; fileRef = 8ECB0B852A628A7D0032BD95 /* GraphFilesProvider.swift */; };
		8ECB0B882A62C3360032BD95 /* GraphServiceMocks in Frameworks */ = {isa = PBXBuildFile; productRef = 8ECB0B872A62C3360032BD95 /* GraphServiceMocks */; };
		8ECB0B8A2A62CD6E0032BD95 /* GraphFilesProviderMock.swift in Sources */ = {isa = PBXBuildFile; fileRef = 8ECB0B892A62CD6E0032BD95 /* GraphFilesProviderMock.swift */; };
		8ECB0B8C2A62D4670032BD95 /* MainCoordinatorMock.swift in Sources */ = {isa = PBXBuildFile; fileRef = 8ECB0B8B2A62D4670032BD95 /* MainCoordinatorMock.swift */; };
		8ECB0B8E2A62DE4A0032BD95 /* NodeViewModelTests.swift in Sources */ = {isa = PBXBuildFile; fileRef = 8ECB0B8D2A62DE4A0032BD95 /* NodeViewModelTests.swift */; };
/* End PBXBuildFile section */

/* Begin PBXContainerItemProxy section */
		8ECBEA102A5863B000771F19 /* PBXContainerItemProxy */ = {
			isa = PBXContainerItemProxy;
			containerPortal = 8ECBE9F62A5863AF00771F19 /* Project object */;
			proxyType = 1;
			remoteGlobalIDString = 8ECBE9FD2A5863AF00771F19;
			remoteInfo = AppTemplate;
		};
/* End PBXContainerItemProxy section */

/* Begin PBXFileReference section */
		8E6D89E72A6163DF0011AD2D /* SelectionView.swift */ = {isa = PBXFileReference; lastKnownFileType = sourcecode.swift; path = SelectionView.swift; sourceTree = "<group>"; };
		8E6D89EA2A61A3260011AD2D /* MainCoordinatorView.swift */ = {isa = PBXFileReference; lastKnownFileType = sourcecode.swift; path = MainCoordinatorView.swift; sourceTree = "<group>"; };
		8E6D89EC2A61D74E0011AD2D /* MainCoordinatorViewModel.swift */ = {isa = PBXFileReference; lastKnownFileType = sourcecode.swift; path = MainCoordinatorViewModel.swift; sourceTree = "<group>"; };
		8E6D89EE2A61D82F0011AD2D /* MainCoordinator.swift */ = {isa = PBXFileReference; lastKnownFileType = sourcecode.swift; path = MainCoordinator.swift; sourceTree = "<group>"; };
		8E6D89F02A61D8E40011AD2D /* SelectionViewModel.swift */ = {isa = PBXFileReference; lastKnownFileType = sourcecode.swift; path = SelectionViewModel.swift; sourceTree = "<group>"; };
		8E6D89F22A61E1720011AD2D /* NodeViewModel.swift */ = {isa = PBXFileReference; lastKnownFileType = sourcecode.swift; path = NodeViewModel.swift; sourceTree = "<group>"; };
		8E708F6D2A5E9CC800DF5572 /* AppDependencies.swift */ = {isa = PBXFileReference; lastKnownFileType = sourcecode.swift; path = AppDependencies.swift; sourceTree = "<group>"; };
		8E708F762A5E9D9400DF5572 /* Resolver+resolve.swift */ = {isa = PBXFileReference; lastKnownFileType = sourcecode.swift; path = "Resolver+resolve.swift"; sourceTree = "<group>"; };
		8E708F7B2A5EB7AC00DF5572 /* fractal_graph.graphml */ = {isa = PBXFileReference; lastKnownFileType = text.xml; name = fractal_graph.graphml; path = Scripts/fractal_graph.graphml; sourceTree = SOURCE_ROOT; };
		8E8B8C9B2A6009730090D7C9 /* random_graph.graphml */ = {isa = PBXFileReference; lastKnownFileType = text.xml; name = random_graph.graphml; path = Scripts/random_graph.graphml; sourceTree = SOURCE_ROOT; };
		8EA595B72A59FD1E00828B80 /* organic2.graphml */ = {isa = PBXFileReference; fileEncoding = 4; lastKnownFileType = text.xml; path = organic2.graphml; sourceTree = "<group>"; };
		8EA595BA2A59FD7700828B80 /* NodeView.swift */ = {isa = PBXFileReference; lastKnownFileType = sourcecode.swift; path = NodeView.swift; sourceTree = "<group>"; };
		8EA595D02A5D3B9400828B80 /* NodeRectangleView.swift */ = {isa = PBXFileReference; lastKnownFileType = sourcecode.swift; path = NodeRectangleView.swift; sourceTree = "<group>"; };
		8EA595D32A5D4C3200828B80 /* circular1.graphml */ = {isa = PBXFileReference; fileEncoding = 4; lastKnownFileType = text.xml; path = circular1.graphml; sourceTree = "<group>"; };
		8EA595D52A5D4C9E00828B80 /* hierarchical1.graphml */ = {isa = PBXFileReference; fileEncoding = 4; lastKnownFileType = text.xml; path = hierarchical1.graphml; sourceTree = "<group>"; };
		8EAEC6582A5957F800501D38 /* Assets.xcassets */ = {isa = PBXFileReference; lastKnownFileType = folder.assetcatalog; path = Assets.xcassets; sourceTree = "<group>"; };
		8EAEC6592A5957F800501D38 /* FractalianGraphNavigator.entitlements */ = {isa = PBXFileReference; fileEncoding = 4; lastKnownFileType = text.plist.entitlements; path = FractalianGraphNavigator.entitlements; sourceTree = "<group>"; };
		8EAEC65B2A5957F800501D38 /* Preview Assets.xcassets */ = {isa = PBXFileReference; lastKnownFileType = folder.assetcatalog; path = "Preview Assets.xcassets"; sourceTree = "<group>"; };
		8EAEC65C2A5957F800501D38 /* AppTemplateApp.swift */ = {isa = PBXFileReference; fileEncoding = 4; lastKnownFileType = sourcecode.swift; path = AppTemplateApp.swift; sourceTree = "<group>"; };
		8ECB0B7F2A6288350032BD95 /* SelectionViewModelTests.swift */ = {isa = PBXFileReference; lastKnownFileType = sourcecode.swift; path = SelectionViewModelTests.swift; sourceTree = "<group>"; };
		8ECB0B852A628A7D0032BD95 /* GraphFilesProvider.swift */ = {isa = PBXFileReference; lastKnownFileType = sourcecode.swift; path = GraphFilesProvider.swift; sourceTree = "<group>"; };
		8ECB0B892A62CD6E0032BD95 /* GraphFilesProviderMock.swift */ = {isa = PBXFileReference; lastKnownFileType = sourcecode.swift; path = GraphFilesProviderMock.swift; sourceTree = "<group>"; };
		8ECB0B8B2A62D4670032BD95 /* MainCoordinatorMock.swift */ = {isa = PBXFileReference; lastKnownFileType = sourcecode.swift; path = MainCoordinatorMock.swift; sourceTree = "<group>"; };
		8ECB0B8D2A62DE4A0032BD95 /* NodeViewModelTests.swift */ = {isa = PBXFileReference; lastKnownFileType = sourcecode.swift; path = NodeViewModelTests.swift; sourceTree = "<group>"; };
		8ECBE9FE2A5863AF00771F19 /* FractalianGraphNavigator.app */ = {isa = PBXFileReference; explicitFileType = wrapper.application; includeInIndex = 0; path = FractalianGraphNavigator.app; sourceTree = BUILT_PRODUCTS_DIR; };
		8ECBEA0F2A5863B000771F19 /* FractalianGraphNavigatorTests.xctest */ = {isa = PBXFileReference; explicitFileType = wrapper.cfbundle; includeInIndex = 0; path = FractalianGraphNavigatorTests.xctest; sourceTree = BUILT_PRODUCTS_DIR; };
/* End PBXFileReference section */

/* Begin PBXFrameworksBuildPhase section */
		8ECBE9FB2A5863AF00771F19 /* Frameworks */ = {
			isa = PBXFrameworksBuildPhase;
			buildActionMask = 2147483647;
			files = (
				8E1E249D2A586E52001744F6 /* ModularModel in Frameworks */,
				8EA595BD2A59FDE300828B80 /* GraphMLParser in Frameworks */,
				8E708F6B2A5DF9BD00DF5572 /* GraphService in Frameworks */,
				8E708F7A2A5E9E2500DF5572 /* Swinject in Frameworks */,
			);
			runOnlyForDeploymentPostprocessing = 0;
		};
		8ECBEA0C2A5863B000771F19 /* Frameworks */ = {
			isa = PBXFrameworksBuildPhase;
			buildActionMask = 2147483647;
			files = (
				8ECB0B882A62C3360032BD95 /* GraphServiceMocks in Frameworks */,
			);
			runOnlyForDeploymentPostprocessing = 0;
		};
/* End PBXFrameworksBuildPhase section */

/* Begin PBXGroup section */
		8E1E249B2A586E52001744F6 /* Frameworks */ = {
			isa = PBXGroup;
			children = (
			);
			name = Frameworks;
			sourceTree = "<group>";
		};
		8E6D89E62A6163BE0011AD2D /* Selection */ = {
			isa = PBXGroup;
			children = (
				8E6D89E72A6163DF0011AD2D /* SelectionView.swift */,
				8E6D89F02A61D8E40011AD2D /* SelectionViewModel.swift */,
			);
			path = Selection;
			sourceTree = "<group>";
		};
		8E6D89E92A61A3150011AD2D /* MainCoordinator */ = {
			isa = PBXGroup;
			children = (
				8E6D89EE2A61D82F0011AD2D /* MainCoordinator.swift */,
				8E6D89EA2A61A3260011AD2D /* MainCoordinatorView.swift */,
				8E6D89EC2A61D74E0011AD2D /* MainCoordinatorViewModel.swift */,
			);
			path = MainCoordinator;
			sourceTree = "<group>";
		};
		8E708F6C2A5E9C9300DF5572 /* App */ = {
			isa = PBXGroup;
			children = (
				8E708F6D2A5E9CC800DF5572 /* AppDependencies.swift */,
			);
			path = App;
			sourceTree = "<group>";
		};
		8E708F742A5E9D7100DF5572 /* Common */ = {
			isa = PBXGroup;
			children = (
				8E708F752A5E9D8400DF5572 /* Extensions */,
			);
			path = Common;
			sourceTree = "<group>";
		};
		8E708F752A5E9D8400DF5572 /* Extensions */ = {
			isa = PBXGroup;
			children = (
				8E708F762A5E9D9400DF5572 /* Resolver+resolve.swift */,
			);
			path = Extensions;
			sourceTree = "<group>";
		};
		8EA595B62A59FCFE00828B80 /* Resources */ = {
			isa = PBXGroup;
			children = (
				8E8B8C9B2A6009730090D7C9 /* random_graph.graphml */,
				8E708F7B2A5EB7AC00DF5572 /* fractal_graph.graphml */,
				8EA595D52A5D4C9E00828B80 /* hierarchical1.graphml */,
				8EA595D32A5D4C3200828B80 /* circular1.graphml */,
				8EA595B72A59FD1E00828B80 /* organic2.graphml */,
				8EAEC6582A5957F800501D38 /* Assets.xcassets */,
			);
			path = Resources;
			sourceTree = "<group>";
		};
		8EA595B92A59FD6C00828B80 /* Modules */ = {
			isa = PBXGroup;
			children = (
				8E6D89E92A61A3150011AD2D /* MainCoordinator */,
				8E6D89E62A6163BE0011AD2D /* Selection */,
				8EA595BE2A5AC0DA00828B80 /* Node */,
			);
			path = Modules;
			sourceTree = "<group>";
		};
		8EA595BE2A5AC0DA00828B80 /* Node */ = {
			isa = PBXGroup;
			children = (
				8EA595CF2A5D3B8700828B80 /* Views */,
				8EA595BA2A59FD7700828B80 /* NodeView.swift */,
				8E6D89F22A61E1720011AD2D /* NodeViewModel.swift */,
			);
			path = Node;
			sourceTree = "<group>";
		};
		8EA595CF2A5D3B8700828B80 /* Views */ = {
			isa = PBXGroup;
			children = (
				8EA595D02A5D3B9400828B80 /* NodeRectangleView.swift */,
			);
			path = Views;
			sourceTree = "<group>";
		};
		8EAEC6572A5957F800501D38 /* FractalianGraphNavigator */ = {
			isa = PBXGroup;
			children = (
				8ECB0B842A628A670032BD95 /* Providers */,
				8E708F742A5E9D7100DF5572 /* Common */,
				8E708F6C2A5E9C9300DF5572 /* App */,
				8EA595B92A59FD6C00828B80 /* Modules */,
				8EA595B62A59FCFE00828B80 /* Resources */,
				8EAEC65A2A5957F800501D38 /* Preview Content */,
				8EAEC65C2A5957F800501D38 /* AppTemplateApp.swift */,
				8EAEC6592A5957F800501D38 /* FractalianGraphNavigator.entitlements */,
			);
			path = FractalianGraphNavigator;
			sourceTree = "<group>";
		};
		8EAEC65A2A5957F800501D38 /* Preview Content */ = {
			isa = PBXGroup;
			children = (
				8EAEC65B2A5957F800501D38 /* Preview Assets.xcassets */,
			);
			path = "Preview Content";
			sourceTree = "<group>";
		};
		8ECB0B812A62886C0032BD95 /* Mocks */ = {
			isa = PBXGroup;
			children = (
				8ECB0B892A62CD6E0032BD95 /* GraphFilesProviderMock.swift */,
				8ECB0B8B2A62D4670032BD95 /* MainCoordinatorMock.swift */,
			);
			path = Mocks;
			sourceTree = "<group>";
		};
		8ECB0B842A628A670032BD95 /* Providers */ = {
			isa = PBXGroup;
			children = (
				8ECB0B852A628A7D0032BD95 /* GraphFilesProvider.swift */,
			);
			path = Providers;
			sourceTree = "<group>";
		};
		8ECBE9F52A5863AF00771F19 = {
			isa = PBXGroup;
			children = (
				8EAEC6572A5957F800501D38 /* FractalianGraphNavigator */,
				8ECBEA122A5863B000771F19 /* FractalianGraphNavigatorTests */,
				8ECBE9FF2A5863AF00771F19 /* Products */,
				8E1E249B2A586E52001744F6 /* Frameworks */,
			);
			sourceTree = "<group>";
		};
		8ECBE9FF2A5863AF00771F19 /* Products */ = {
			isa = PBXGroup;
			children = (
				8ECBE9FE2A5863AF00771F19 /* FractalianGraphNavigator.app */,
				8ECBEA0F2A5863B000771F19 /* FractalianGraphNavigatorTests.xctest */,
			);
			name = Products;
			sourceTree = "<group>";
		};
		8ECBEA122A5863B000771F19 /* FractalianGraphNavigatorTests */ = {
			isa = PBXGroup;
			children = (
				8ECB0B812A62886C0032BD95 /* Mocks */,
				8ECB0B7F2A6288350032BD95 /* SelectionViewModelTests.swift */,
				8ECB0B8D2A62DE4A0032BD95 /* NodeViewModelTests.swift */,
			);
			path = FractalianGraphNavigatorTests;
			sourceTree = "<group>";
		};
/* End PBXGroup section */

/* Begin PBXNativeTarget section */
		8ECBE9FD2A5863AF00771F19 /* FractalianGraphNavigator */ = {
			isa = PBXNativeTarget;
			buildConfigurationList = 8ECBEA232A5863B000771F19 /* Build configuration list for PBXNativeTarget "FractalianGraphNavigator" */;
			buildPhases = (
				8ECBE9FA2A5863AF00771F19 /* Sources */,
				8ECBE9FB2A5863AF00771F19 /* Frameworks */,
				8ECBE9FC2A5863AF00771F19 /* Resources */,
			);
			buildRules = (
			);
			dependencies = (
			);
			name = FractalianGraphNavigator;
			packageProductDependencies = (
				8E1E249C2A586E52001744F6 /* ModularModel */,
				8EA595BC2A59FDE300828B80 /* GraphMLParser */,
				8E708F6A2A5DF9BD00DF5572 /* GraphService */,
				8E708F792A5E9E2500DF5572 /* Swinject */,
			);
			productName = AppTemplate;
			productReference = 8ECBE9FE2A5863AF00771F19 /* FractalianGraphNavigator.app */;
			productType = "com.apple.product-type.application";
		};
		8ECBEA0E2A5863B000771F19 /* FractalianGraphNavigatorTests */ = {
			isa = PBXNativeTarget;
			buildConfigurationList = 8ECBEA262A5863B000771F19 /* Build configuration list for PBXNativeTarget "FractalianGraphNavigatorTests" */;
			buildPhases = (
				8ECBEA0B2A5863B000771F19 /* Sources */,
				8ECBEA0C2A5863B000771F19 /* Frameworks */,
				8ECBEA0D2A5863B000771F19 /* Resources */,
			);
			buildRules = (
			);
			dependencies = (
				8ECBEA112A5863B000771F19 /* PBXTargetDependency */,
			);
			name = FractalianGraphNavigatorTests;
			packageProductDependencies = (
				8ECB0B872A62C3360032BD95 /* GraphServiceMocks */,
			);
			productName = AppTemplateTests;
			productReference = 8ECBEA0F2A5863B000771F19 /* FractalianGraphNavigatorTests.xctest */;
			productType = "com.apple.product-type.bundle.unit-test";
		};
/* End PBXNativeTarget section */

/* Begin PBXProject section */
		8ECBE9F62A5863AF00771F19 /* Project object */ = {
			isa = PBXProject;
			attributes = {
				BuildIndependentTargetsInParallel = 1;
				LastSwiftUpdateCheck = 1430;
				LastUpgradeCheck = 1430;
				ORGANIZATIONNAME = "";
				TargetAttributes = {
					8ECBE9FD2A5863AF00771F19 = {
						CreatedOnToolsVersion = 14.3.1;
					};
					8ECBEA0E2A5863B000771F19 = {
						CreatedOnToolsVersion = 14.3.1;
						TestTargetID = 8ECBE9FD2A5863AF00771F19;
					};
				};
			};
			buildConfigurationList = 8ECBE9F92A5863AF00771F19 /* Build configuration list for PBXProject "FractalianGraphNavigator" */;
			compatibilityVersion = "Xcode 14.0";
			developmentRegion = en;
			hasScannedForEncodings = 0;
			knownRegions = (
				en,
				Base,
			);
			mainGroup = 8ECBE9F52A5863AF00771F19;
			packageReferences = (
				8E708F782A5E9E2500DF5572 /* XCRemoteSwiftPackageReference "Swinject" */,
			);
			productRefGroup = 8ECBE9FF2A5863AF00771F19 /* Products */;
			projectDirPath = "";
			projectRoot = "";
			targets = (
				8ECBE9FD2A5863AF00771F19 /* FractalianGraphNavigator */,
				8ECBEA0E2A5863B000771F19 /* FractalianGraphNavigatorTests */,
			);
		};
/* End PBXProject section */

/* Begin PBXResourcesBuildPhase section */
		8ECBE9FC2A5863AF00771F19 /* Resources */ = {
			isa = PBXResourcesBuildPhase;
			buildActionMask = 2147483647;
			files = (
				8EA595D42A5D4C3200828B80 /* circular1.graphml in Resources */,
				8EAEC65F2A5957F800501D38 /* Preview Assets.xcassets in Resources */,
				8EA595B82A59FD1E00828B80 /* organic2.graphml in Resources */,
				8EAEC65E2A5957F800501D38 /* Assets.xcassets in Resources */,
				8E708F7C2A5EB7AC00DF5572 /* fractal_graph.graphml in Resources */,
				8EA595D62A5D4C9E00828B80 /* hierarchical1.graphml in Resources */,
				8E8B8C9C2A6009730090D7C9 /* random_graph.graphml in Resources */,
			);
			runOnlyForDeploymentPostprocessing = 0;
		};
		8ECBEA0D2A5863B000771F19 /* Resources */ = {
			isa = PBXResourcesBuildPhase;
			buildActionMask = 2147483647;
			files = (
			);
			runOnlyForDeploymentPostprocessing = 0;
		};
/* End PBXResourcesBuildPhase section */

/* Begin PBXSourcesBuildPhase section */
		8ECBE9FA2A5863AF00771F19 /* Sources */ = {
			isa = PBXSourcesBuildPhase;
			buildActionMask = 2147483647;
			files = (
				8E708F6E2A5E9CC800DF5572 /* AppDependencies.swift in Sources */,
				8EA595D12A5D3B9400828B80 /* NodeRectangleView.swift in Sources */,
				8E6D89EB2A61A3260011AD2D /* MainCoordinatorView.swift in Sources */,
				8ECB0B862A628A7D0032BD95 /* GraphFilesProvider.swift in Sources */,
				8E6D89F12A61D8E40011AD2D /* SelectionViewModel.swift in Sources */,
				8E708F772A5E9D9400DF5572 /* Resolver+resolve.swift in Sources */,
				8EAEC6602A5957F800501D38 /* AppTemplateApp.swift in Sources */,
				8EA595BB2A59FD7700828B80 /* NodeView.swift in Sources */,
				8E6D89ED2A61D74E0011AD2D /* MainCoordinatorViewModel.swift in Sources */,
				8E6D89EF2A61D82F0011AD2D /* MainCoordinator.swift in Sources */,
				8E6D89E82A6163DF0011AD2D /* SelectionView.swift in Sources */,
				8E6D89F32A61E1720011AD2D /* NodeViewModel.swift in Sources */,
			);
			runOnlyForDeploymentPostprocessing = 0;
		};
		8ECBEA0B2A5863B000771F19 /* Sources */ = {
			isa = PBXSourcesBuildPhase;
			buildActionMask = 2147483647;
			files = (
				8ECB0B8E2A62DE4A0032BD95 /* NodeViewModelTests.swift in Sources */,
				8ECB0B802A6288350032BD95 /* SelectionViewModelTests.swift in Sources */,
				8ECB0B8A2A62CD6E0032BD95 /* GraphFilesProviderMock.swift in Sources */,
				8ECB0B8C2A62D4670032BD95 /* MainCoordinatorMock.swift in Sources */,
			);
			runOnlyForDeploymentPostprocessing = 0;
		};
/* End PBXSourcesBuildPhase section */

/* Begin PBXTargetDependency section */
		8ECBEA112A5863B000771F19 /* PBXTargetDependency */ = {
			isa = PBXTargetDependency;
			target = 8ECBE9FD2A5863AF00771F19 /* FractalianGraphNavigator */;
			targetProxy = 8ECBEA102A5863B000771F19 /* PBXContainerItemProxy */;
		};
/* End PBXTargetDependency section */

/* Begin XCBuildConfiguration section */
		8ECBEA212A5863B000771F19 /* Debug */ = {
			isa = XCBuildConfiguration;
			buildSettings = {
				ALWAYS_SEARCH_USER_PATHS = NO;
				CLANG_ANALYZER_NONNULL = YES;
				CLANG_ANALYZER_NUMBER_OBJECT_CONVERSION = YES_AGGRESSIVE;
				CLANG_CXX_LANGUAGE_STANDARD = "gnu++20";
				CLANG_ENABLE_MODULES = YES;
				CLANG_ENABLE_OBJC_ARC = YES;
				CLANG_ENABLE_OBJC_WEAK = YES;
				CLANG_WARN_BLOCK_CAPTURE_AUTORELEASING = YES;
				CLANG_WARN_BOOL_CONVERSION = YES;
				CLANG_WARN_COMMA = YES;
				CLANG_WARN_CONSTANT_CONVERSION = YES;
				CLANG_WARN_DEPRECATED_OBJC_IMPLEMENTATIONS = YES;
				CLANG_WARN_DIRECT_OBJC_ISA_USAGE = YES_ERROR;
				CLANG_WARN_DOCUMENTATION_COMMENTS = YES;
				CLANG_WARN_EMPTY_BODY = YES;
				CLANG_WARN_ENUM_CONVERSION = YES;
				CLANG_WARN_INFINITE_RECURSION = YES;
				CLANG_WARN_INT_CONVERSION = YES;
				CLANG_WARN_NON_LITERAL_NULL_CONVERSION = YES;
				CLANG_WARN_OBJC_IMPLICIT_RETAIN_SELF = YES;
				CLANG_WARN_OBJC_LITERAL_CONVERSION = YES;
				CLANG_WARN_OBJC_ROOT_CLASS = YES_ERROR;
				CLANG_WARN_QUOTED_INCLUDE_IN_FRAMEWORK_HEADER = YES;
				CLANG_WARN_RANGE_LOOP_ANALYSIS = YES;
				CLANG_WARN_STRICT_PROTOTYPES = YES;
				CLANG_WARN_SUSPICIOUS_MOVE = YES;
				CLANG_WARN_UNGUARDED_AVAILABILITY = YES_AGGRESSIVE;
				CLANG_WARN_UNREACHABLE_CODE = YES;
				CLANG_WARN__DUPLICATE_METHOD_MATCH = YES;
				COPY_PHASE_STRIP = NO;
				DEAD_CODE_STRIPPING = YES;
				DEBUG_INFORMATION_FORMAT = dwarf;
				ENABLE_STRICT_OBJC_MSGSEND = YES;
				ENABLE_TESTABILITY = YES;
				GCC_C_LANGUAGE_STANDARD = gnu11;
				GCC_DYNAMIC_NO_PIC = NO;
				GCC_NO_COMMON_BLOCKS = YES;
				GCC_OPTIMIZATION_LEVEL = 0;
				GCC_PREPROCESSOR_DEFINITIONS = (
					"DEBUG=1",
					"$(inherited)",
				);
				GCC_WARN_64_TO_32_BIT_CONVERSION = YES;
				GCC_WARN_ABOUT_RETURN_TYPE = YES_ERROR;
				GCC_WARN_UNDECLARED_SELECTOR = YES;
				GCC_WARN_UNINITIALIZED_AUTOS = YES_AGGRESSIVE;
				GCC_WARN_UNUSED_FUNCTION = YES;
				GCC_WARN_UNUSED_VARIABLE = YES;
				MTL_ENABLE_DEBUG_INFO = INCLUDE_SOURCE;
				MTL_FAST_MATH = YES;
				ONLY_ACTIVE_ARCH = YES;
				SWIFT_ACTIVE_COMPILATION_CONDITIONS = DEBUG;
				SWIFT_OPTIMIZATION_LEVEL = "-Onone";
			};
			name = Debug;
		};
		8ECBEA222A5863B000771F19 /* Release */ = {
			isa = XCBuildConfiguration;
			buildSettings = {
				ALWAYS_SEARCH_USER_PATHS = NO;
				CLANG_ANALYZER_NONNULL = YES;
				CLANG_ANALYZER_NUMBER_OBJECT_CONVERSION = YES_AGGRESSIVE;
				CLANG_CXX_LANGUAGE_STANDARD = "gnu++20";
				CLANG_ENABLE_MODULES = YES;
				CLANG_ENABLE_OBJC_ARC = YES;
				CLANG_ENABLE_OBJC_WEAK = YES;
				CLANG_WARN_BLOCK_CAPTURE_AUTORELEASING = YES;
				CLANG_WARN_BOOL_CONVERSION = YES;
				CLANG_WARN_COMMA = YES;
				CLANG_WARN_CONSTANT_CONVERSION = YES;
				CLANG_WARN_DEPRECATED_OBJC_IMPLEMENTATIONS = YES;
				CLANG_WARN_DIRECT_OBJC_ISA_USAGE = YES_ERROR;
				CLANG_WARN_DOCUMENTATION_COMMENTS = YES;
				CLANG_WARN_EMPTY_BODY = YES;
				CLANG_WARN_ENUM_CONVERSION = YES;
				CLANG_WARN_INFINITE_RECURSION = YES;
				CLANG_WARN_INT_CONVERSION = YES;
				CLANG_WARN_NON_LITERAL_NULL_CONVERSION = YES;
				CLANG_WARN_OBJC_IMPLICIT_RETAIN_SELF = YES;
				CLANG_WARN_OBJC_LITERAL_CONVERSION = YES;
				CLANG_WARN_OBJC_ROOT_CLASS = YES_ERROR;
				CLANG_WARN_QUOTED_INCLUDE_IN_FRAMEWORK_HEADER = YES;
				CLANG_WARN_RANGE_LOOP_ANALYSIS = YES;
				CLANG_WARN_STRICT_PROTOTYPES = YES;
				CLANG_WARN_SUSPICIOUS_MOVE = YES;
				CLANG_WARN_UNGUARDED_AVAILABILITY = YES_AGGRESSIVE;
				CLANG_WARN_UNREACHABLE_CODE = YES;
				CLANG_WARN__DUPLICATE_METHOD_MATCH = YES;
				COPY_PHASE_STRIP = NO;
				DEAD_CODE_STRIPPING = YES;
				DEBUG_INFORMATION_FORMAT = "dwarf-with-dsym";
				ENABLE_NS_ASSERTIONS = NO;
				ENABLE_STRICT_OBJC_MSGSEND = YES;
				GCC_C_LANGUAGE_STANDARD = gnu11;
				GCC_NO_COMMON_BLOCKS = YES;
				GCC_WARN_64_TO_32_BIT_CONVERSION = YES;
				GCC_WARN_ABOUT_RETURN_TYPE = YES_ERROR;
				GCC_WARN_UNDECLARED_SELECTOR = YES;
				GCC_WARN_UNINITIALIZED_AUTOS = YES_AGGRESSIVE;
				GCC_WARN_UNUSED_FUNCTION = YES;
				GCC_WARN_UNUSED_VARIABLE = YES;
				MTL_ENABLE_DEBUG_INFO = NO;
				MTL_FAST_MATH = YES;
				SWIFT_COMPILATION_MODE = wholemodule;
				SWIFT_OPTIMIZATION_LEVEL = "-O";
			};
			name = Release;
		};
		8ECBEA242A5863B000771F19 /* Debug */ = {
			isa = XCBuildConfiguration;
			buildSettings = {
				ASSETCATALOG_COMPILER_APPICON_NAME = AppIcon;
				ASSETCATALOG_COMPILER_GLOBAL_ACCENT_COLOR_NAME = AccentColor;
				CODE_SIGN_ENTITLEMENTS = FractalianGraphNavigator/FractalianGraphNavigator.entitlements;
				CODE_SIGN_STYLE = Automatic;
				CURRENT_PROJECT_VERSION = 1;
				DEAD_CODE_STRIPPING = YES;
				DEVELOPMENT_ASSET_PATHS = "\"FractalianGraphNavigator/Preview Content\"";
				DEVELOPMENT_TEAM = 849XMH9N9J;
				ENABLE_HARDENED_RUNTIME = YES;
				ENABLE_PREVIEWS = YES;
				GENERATE_INFOPLIST_FILE = YES;
				"INFOPLIST_KEY_UIApplicationSceneManifest_Generation[sdk=iphoneos*]" = YES;
				"INFOPLIST_KEY_UIApplicationSceneManifest_Generation[sdk=iphonesimulator*]" = YES;
				"INFOPLIST_KEY_UIApplicationSupportsIndirectInputEvents[sdk=iphoneos*]" = YES;
				"INFOPLIST_KEY_UIApplicationSupportsIndirectInputEvents[sdk=iphonesimulator*]" = YES;
				"INFOPLIST_KEY_UILaunchScreen_Generation[sdk=iphoneos*]" = YES;
				"INFOPLIST_KEY_UILaunchScreen_Generation[sdk=iphonesimulator*]" = YES;
				"INFOPLIST_KEY_UIStatusBarStyle[sdk=iphoneos*]" = UIStatusBarStyleDefault;
				"INFOPLIST_KEY_UIStatusBarStyle[sdk=iphonesimulator*]" = UIStatusBarStyleDefault;
				INFOPLIST_KEY_UISupportedInterfaceOrientations_iPad = "UIInterfaceOrientationPortrait UIInterfaceOrientationPortraitUpsideDown UIInterfaceOrientationLandscapeLeft UIInterfaceOrientationLandscapeRight";
				INFOPLIST_KEY_UISupportedInterfaceOrientations_iPhone = "UIInterfaceOrientationPortrait UIInterfaceOrientationLandscapeLeft UIInterfaceOrientationLandscapeRight";
				IPHONEOS_DEPLOYMENT_TARGET = 16.4;
				LD_RUNPATH_SEARCH_PATHS = "@executable_path/Frameworks";
				"LD_RUNPATH_SEARCH_PATHS[sdk=macosx*]" = "@executable_path/../Frameworks";
				MACOSX_DEPLOYMENT_TARGET = 13.3;
				MARKETING_VERSION = 1.0;
				PRODUCT_BUNDLE_IDENTIFIER = com.cachefrog.FractalianGraphNavigator;
				PRODUCT_NAME = "$(TARGET_NAME)";
				SDKROOT = auto;
				SUPPORTED_PLATFORMS = "iphoneos iphonesimulator macosx";
				SWIFT_EMIT_LOC_STRINGS = YES;
				SWIFT_VERSION = 5.0;
				TARGETED_DEVICE_FAMILY = "1,2";
			};
			name = Debug;
		};
		8ECBEA252A5863B000771F19 /* Release */ = {
			isa = XCBuildConfiguration;
			buildSettings = {
				ASSETCATALOG_COMPILER_APPICON_NAME = AppIcon;
				ASSETCATALOG_COMPILER_GLOBAL_ACCENT_COLOR_NAME = AccentColor;
				CODE_SIGN_ENTITLEMENTS = FractalianGraphNavigator/FractalianGraphNavigator.entitlements;
				CODE_SIGN_STYLE = Automatic;
				CURRENT_PROJECT_VERSION = 1;
				DEAD_CODE_STRIPPING = YES;
				DEVELOPMENT_ASSET_PATHS = "\"FractalianGraphNavigator/Preview Content\"";
				DEVELOPMENT_TEAM = 849XMH9N9J;
				ENABLE_HARDENED_RUNTIME = YES;
				ENABLE_PREVIEWS = YES;
				GENERATE_INFOPLIST_FILE = YES;
				"INFOPLIST_KEY_UIApplicationSceneManifest_Generation[sdk=iphoneos*]" = YES;
				"INFOPLIST_KEY_UIApplicationSceneManifest_Generation[sdk=iphonesimulator*]" = YES;
				"INFOPLIST_KEY_UIApplicationSupportsIndirectInputEvents[sdk=iphoneos*]" = YES;
				"INFOPLIST_KEY_UIApplicationSupportsIndirectInputEvents[sdk=iphonesimulator*]" = YES;
				"INFOPLIST_KEY_UILaunchScreen_Generation[sdk=iphoneos*]" = YES;
				"INFOPLIST_KEY_UILaunchScreen_Generation[sdk=iphonesimulator*]" = YES;
				"INFOPLIST_KEY_UIStatusBarStyle[sdk=iphoneos*]" = UIStatusBarStyleDefault;
				"INFOPLIST_KEY_UIStatusBarStyle[sdk=iphonesimulator*]" = UIStatusBarStyleDefault;
				INFOPLIST_KEY_UISupportedInterfaceOrientations_iPad = "UIInterfaceOrientationPortrait UIInterfaceOrientationPortraitUpsideDown UIInterfaceOrientationLandscapeLeft UIInterfaceOrientationLandscapeRight";
				INFOPLIST_KEY_UISupportedInterfaceOrientations_iPhone = "UIInterfaceOrientationPortrait UIInterfaceOrientationLandscapeLeft UIInterfaceOrientationLandscapeRight";
				IPHONEOS_DEPLOYMENT_TARGET = 16.4;
				LD_RUNPATH_SEARCH_PATHS = "@executable_path/Frameworks";
				"LD_RUNPATH_SEARCH_PATHS[sdk=macosx*]" = "@executable_path/../Frameworks";
				MACOSX_DEPLOYMENT_TARGET = 13.3;
				MARKETING_VERSION = 1.0;
				PRODUCT_BUNDLE_IDENTIFIER = com.cachefrog.FractalianGraphNavigator;
				PRODUCT_NAME = "$(TARGET_NAME)";
				SDKROOT = auto;
				SUPPORTED_PLATFORMS = "iphoneos iphonesimulator macosx";
				SWIFT_EMIT_LOC_STRINGS = YES;
				SWIFT_VERSION = 5.0;
				TARGETED_DEVICE_FAMILY = "1,2";
			};
			name = Release;
		};
		8ECBEA272A5863B000771F19 /* Debug */ = {
			isa = XCBuildConfiguration;
			buildSettings = {
				ALWAYS_EMBED_SWIFT_STANDARD_LIBRARIES = YES;
				BUNDLE_LOADER = "$(TEST_HOST)";
				CODE_SIGN_STYLE = Automatic;
				CURRENT_PROJECT_VERSION = 1;
				DEAD_CODE_STRIPPING = YES;
				DEVELOPMENT_TEAM = 849XMH9N9J;
				GENERATE_INFOPLIST_FILE = YES;
				IPHONEOS_DEPLOYMENT_TARGET = 16.4;
				MACOSX_DEPLOYMENT_TARGET = 13.3;
				MARKETING_VERSION = 1.0;
				PRODUCT_BUNDLE_IDENTIFIER = com.cachefrog.AppTemplateTests;
				PRODUCT_NAME = "$(TARGET_NAME)";
				SDKROOT = auto;
				SUPPORTED_PLATFORMS = "iphoneos iphonesimulator macosx";
				SWIFT_EMIT_LOC_STRINGS = NO;
				SWIFT_VERSION = 5.0;
				TARGETED_DEVICE_FAMILY = "1,2";
				TEST_HOST = "$(BUILT_PRODUCTS_DIR)/FractalianGraphNavigator.app/$(BUNDLE_EXECUTABLE_FOLDER_PATH)/FractalianGraphNavigator";
			};
			name = Debug;
		};
		8ECBEA282A5863B000771F19 /* Release */ = {
			isa = XCBuildConfiguration;
			buildSettings = {
				ALWAYS_EMBED_SWIFT_STANDARD_LIBRARIES = YES;
				BUNDLE_LOADER = "$(TEST_HOST)";
				CODE_SIGN_STYLE = Automatic;
				CURRENT_PROJECT_VERSION = 1;
				DEAD_CODE_STRIPPING = YES;
				DEVELOPMENT_TEAM = 849XMH9N9J;
				GENERATE_INFOPLIST_FILE = YES;
				IPHONEOS_DEPLOYMENT_TARGET = 16.4;
				MACOSX_DEPLOYMENT_TARGET = 13.3;
				MARKETING_VERSION = 1.0;
				PRODUCT_BUNDLE_IDENTIFIER = com.cachefrog.AppTemplateTests;
				PRODUCT_NAME = "$(TARGET_NAME)";
				SDKROOT = auto;
				SUPPORTED_PLATFORMS = "iphoneos iphonesimulator macosx";
				SWIFT_EMIT_LOC_STRINGS = NO;
				SWIFT_VERSION = 5.0;
				TARGETED_DEVICE_FAMILY = "1,2";
				TEST_HOST = "$(BUILT_PRODUCTS_DIR)/FractalianGraphNavigator.app/$(BUNDLE_EXECUTABLE_FOLDER_PATH)/FractalianGraphNavigator";
			};
			name = Release;
		};
/* End XCBuildConfiguration section */

/* Begin XCConfigurationList section */
		8ECBE9F92A5863AF00771F19 /* Build configuration list for PBXProject "FractalianGraphNavigator" */ = {
			isa = XCConfigurationList;
			buildConfigurations = (
				8ECBEA212A5863B000771F19 /* Debug */,
				8ECBEA222A5863B000771F19 /* Release */,
			);
			defaultConfigurationIsVisible = 0;
			defaultConfigurationName = Release;
		};
		8ECBEA232A5863B000771F19 /* Build configuration list for PBXNativeTarget "FractalianGraphNavigator" */ = {
			isa = XCConfigurationList;
			buildConfigurations = (
				8ECBEA242A5863B000771F19 /* Debug */,
				8ECBEA252A5863B000771F19 /* Release */,
			);
			defaultConfigurationIsVisible = 0;
			defaultConfigurationName = Release;
		};
		8ECBEA262A5863B000771F19 /* Build configuration list for PBXNativeTarget "FractalianGraphNavigatorTests" */ = {
			isa = XCConfigurationList;
			buildConfigurations = (
				8ECBEA272A5863B000771F19 /* Debug */,
				8ECBEA282A5863B000771F19 /* Release */,
			);
			defaultConfigurationIsVisible = 0;
			defaultConfigurationName = Release;
		};
/* End XCConfigurationList section */

/* Begin XCRemoteSwiftPackageReference section */
		8E708F782A5E9E2500DF5572 /* XCRemoteSwiftPackageReference "Swinject" */ = {
			isa = XCRemoteSwiftPackageReference;
			repositoryURL = "git@github.com:Swinject/Swinject.git";
			requirement = {
				kind = upToNextMajorVersion;
				minimumVersion = 2.0.0;
			};
		};
/* End XCRemoteSwiftPackageReference section */

/* Begin XCSwiftPackageProductDependency section */
		8E1E249C2A586E52001744F6 /* ModularModel */ = {
			isa = XCSwiftPackageProductDependency;
			productName = ModularModel;
		};
		8E708F6A2A5DF9BD00DF5572 /* GraphService */ = {
			isa = XCSwiftPackageProductDependency;
			productName = GraphService;
		};
		8E708F792A5E9E2500DF5572 /* Swinject */ = {
			isa = XCSwiftPackageProductDependency;
			package = 8E708F782A5E9E2500DF5572 /* XCRemoteSwiftPackageReference "Swinject" */;
			productName = Swinject;
		};
		8EA595BC2A59FDE300828B80 /* GraphMLParser */ = {
			isa = XCSwiftPackageProductDependency;
			productName = GraphMLParser;
		};
		8ECB0B872A62C3360032BD95 /* GraphServiceMocks */ = {
			isa = XCSwiftPackageProductDependency;
			productName = GraphServiceMocks;
		};
/* End XCSwiftPackageProductDependency section */
	};
	rootObject = 8ECBE9F62A5863AF00771F19 /* Project object */;
}
